
Microsoft Visual Studio Solution File, Format Version 12.00
# Visual Studio Version 17
VisualStudioVersion = 17.8.34316.72
MinimumVisualStudioVersion = 10.0.40219.1
Project("{9A19103F-16F7-4668-BE54-9A1E7A4F7556}") = "MenúAgenda", "MenúAgenda\MenúAgenda.csproj", "{24F70CF9-F51B-458A-B917-E59F9A32B2E6}"
EndProject
Global
	GlobalSection(SolutionConfigurationPlatforms) = preSolution
		Debug|Any CPU = Debug|Any CPU
		Release|Any CPU = Release|Any CPU
	EndGlobalSection
	GlobalSection(ProjectConfigurationPlatforms) = postSolution
		{24F70CF9-F51B-458A-B917-E59F9A32B2E6}.Debug|Any CPU.ActiveCfg = Debug|Any CPU
		{24F70CF9-F51B-458A-B917-E59F9A32B2E6}.Debug|Any CPU.Build.0 = Debug|Any CPU
		{24F70CF9-F51B-458A-B917-E59F9A32B2E6}.Release|Any CPU.ActiveCfg = Release|Any CPU
		{24F70CF9-F51B-458A-B917-E59F9A32B2E6}.Release|Any CPU.Build.0 = Release|Any CPU
	EndGlobalSection
	GlobalSection(SolutionProperties) = preSolution
		HideSolutionNode = FALSE
	EndGlobalSection
	GlobalSection(ExtensibilityGlobals) = postSolution
		SolutionGuid = {B3895146-6BCE-485A-85EE-DE0AAE7F2FCF}
	EndGlobalSection
EndGlobal
